
Microsoft Visual Studio Solution File, Format Version 12.00
# Visual Studio 2012
Project("{2150E333-8FDC-42A3-9474-1A3956D46DE8}") = "TextToSpeech", "TextToSpeech", "{0B3EE361-676B-495F-BA0E-A271572BA7C1}"
EndProject
Project("{2150E333-8FDC-42A3-9474-1A3956D46DE8}") = "Samples", "Samples", "{7FA99C05-271D-4409-B36E-0BB2B22D0F7F}"
EndProject
Project("{2150E333-8FDC-42A3-9474-1A3956D46DE8}") = "Geolocation", "Geolocation", "{0EAB944A-BA44-43F6-9719-D277BA2B0E76}"
EndProject
Project("{2150E333-8FDC-42A3-9474-1A3956D46DE8}") = "Core", "Core", "{9AF83EA7-D60A-4887-B14A-008088C34DBA}"
EndProject
Project("{D954291E-2A0B-460D-934E-DC6B0785DB48}") = "Core.Shared", "Core\Core.Shared\Core.Shared.shproj", "{E07F6E41-3DBB-4DB9-A3A4-3F4B8EADB653}"
EndProject
Project("{FAE04EC0-301F-11D3-BF4B-00C04F79EFBC}") = "Core.Android", "Core\Core.Android\Core.Android.csproj", "{D5C59679-2E23-4A18-B469-650EB4D89CE5}"
EndProject
Project("{FAE04EC0-301F-11D3-BF4B-00C04F79EFBC}") = "Core.iOS", "Core\Core.iOS\Core.iOS.csproj", "{B593425E-C81D-407C-A4E7-0ABBB59F7B56}"
EndProject
Project("{D954291E-2A0B-460D-934E-DC6B0785DB48}") = "TextToSpeech.Shared", "TextToSpeech\TextToSpeech.Shared\TextToSpeech.Shared.shproj", "{98BAA29A-17C2-4E70-8E08-11466A44A3AD}"
EndProject
Project("{FAE04EC0-301F-11D3-BF4B-00C04F79EFBC}") = "TextToSpeech.Android", "TextToSpeech\TextToSpeech.Android\TextToSpeech.Android.csproj", "{7E821C75-4C03-479D-A460-CADFA8AD7AC3}"
EndProject
Project("{FAE04EC0-301F-11D3-BF4B-00C04F79EFBC}") = "TextToSpeech.iOS", "TextToSpeech\TextToSpeech.iOS\TextToSpeech.iOS.csproj", "{CA785F34-BA09-4046-A5FD-0AC2F0298C52}"
EndProject
Project("{D954291E-2A0B-460D-934E-DC6B0785DB48}") = "SampleServices.Shared", "Sample\SampleServices.Shared\SampleServices.Shared.shproj", "{F5933A0E-4563-401A-8EE3-05248E4C56DA}"
EndProject
Project("{FAE04EC0-301F-11D3-BF4B-00C04F79EFBC}") = "SampleServices.Android", "Sample\SampleServices.Android\SampleServices.Android.csproj", "{61EFCA80-804D-4877-B98F-81ABFC3198A2}"
EndProject
Project("{FAE04EC0-301F-11D3-BF4B-00C04F79EFBC}") = "SampleServices.iOS", "Sample\SampleServices.iOS\SampleServices.iOS.csproj", "{2062205F-4EB7-4E8E-9006-6036871F4010}"
EndProject
Project("{D954291E-2A0B-460D-934E-DC6B0785DB48}") = "Geolocation.Shared", "Geolocation\Geolocation.Shared\Geolocation.Shared.shproj", "{DDC4CFE1-654B-4F22-9392-78AD06D94127}"
EndProject
Project("{FAE04EC0-301F-11D3-BF4B-00C04F79EFBC}") = "Geolocation.iOS", "Geolocation\Geolocation.iOS\Geolocation.iOS.csproj", "{CB9E41D1-06FB-410B-AC9E-1EDF0EEE3E66}"
EndProject
Project("{FAE04EC0-301F-11D3-BF4B-00C04F79EFBC}") = "Geolocation.Android", "Geolocation\Geolocation.Android\Geolocation.Android.csproj", "{4662166B-0FA4-4F8B-82AD-9C2DCDA141A8}"
EndProject
Project("{2150E333-8FDC-42A3-9474-1A3956D46DE8}") = "Permissions", "Permissions", "{6D0D68E4-7184-4DFE-AB25-F40C936C14B6}"
EndProject
Project("{D954291E-2A0B-460D-934E-DC6B0785DB48}") = "Permissions.Shared", "Permissions\Permissions.Shared\Permissions.Shared.shproj", "{D8E82BD8-4867-4267-A9FF-159CD1C2CA6C}"
EndProject
Project("{FAE04EC0-301F-11D3-BF4B-00C04F79EFBC}") = "Permissions.iOS", "Permissions\Permissions.iOS\Permissions.iOS.csproj", "{3B58D75F-A014-4A30-92C4-C0839836F747}"
EndProject
Project("{FAE04EC0-301F-11D3-BF4B-00C04F79EFBC}") = "Permissions.Android", "Permissions\Permissions.Android\Permissions.Android.csproj", "{2A0A512B-C995-48C0-91A9-91F2FCA98FF5}"
EndProject
Global
	GlobalSection(SolutionConfigurationPlatforms) = preSolution
		Debug|Any CPU = Debug|Any CPU
		Release|Any CPU = Release|Any CPU
		Debug|iPhoneSimulator = Debug|iPhoneSimulator
		Release|iPhone = Release|iPhone
		Release|iPhoneSimulator = Release|iPhoneSimulator
		Debug|iPhone = Debug|iPhone
	EndGlobalSection
	GlobalSection(ProjectConfigurationPlatforms) = postSolution
		{D5C59679-2E23-4A18-B469-650EB4D89CE5}.Debug|Any CPU.ActiveCfg = Debug|Any CPU
		{D5C59679-2E23-4A18-B469-650EB4D89CE5}.Debug|Any CPU.Build.0 = Debug|Any CPU
		{D5C59679-2E23-4A18-B469-650EB4D89CE5}.Release|Any CPU.ActiveCfg = Release|Any CPU
		{D5C59679-2E23-4A18-B469-650EB4D89CE5}.Release|Any CPU.Build.0 = Release|Any CPU
		{D5C59679-2E23-4A18-B469-650EB4D89CE5}.Debug|iPhoneSimulator.ActiveCfg = Debug|Any CPU
		{D5C59679-2E23-4A18-B469-650EB4D89CE5}.Debug|iPhoneSimulator.Build.0 = Debug|Any CPU
		{D5C59679-2E23-4A18-B469-650EB4D89CE5}.Release|iPhone.ActiveCfg = Release|Any CPU
		{D5C59679-2E23-4A18-B469-650EB4D89CE5}.Release|iPhone.Build.0 = Release|Any CPU
		{D5C59679-2E23-4A18-B469-650EB4D89CE5}.Release|iPhoneSimulator.ActiveCfg = Release|Any CPU
		{D5C59679-2E23-4A18-B469-650EB4D89CE5}.Release|iPhoneSimulator.Build.0 = Release|Any CPU
		{D5C59679-2E23-4A18-B469-650EB4D89CE5}.Debug|iPhone.ActiveCfg = Debug|Any CPU
		{D5C59679-2E23-4A18-B469-650EB4D89CE5}.Debug|iPhone.Build.0 = Debug|Any CPU
		{B593425E-C81D-407C-A4E7-0ABBB59F7B56}.Debug|Any CPU.ActiveCfg = Debug|Any CPU
		{B593425E-C81D-407C-A4E7-0ABBB59F7B56}.Debug|Any CPU.Build.0 = Debug|Any CPU
		{B593425E-C81D-407C-A4E7-0ABBB59F7B56}.Release|Any CPU.ActiveCfg = Release|Any CPU
		{B593425E-C81D-407C-A4E7-0ABBB59F7B56}.Release|Any CPU.Build.0 = Release|Any CPU
		{B593425E-C81D-407C-A4E7-0ABBB59F7B56}.Debug|iPhoneSimulator.ActiveCfg = Debug|Any CPU
		{B593425E-C81D-407C-A4E7-0ABBB59F7B56}.Debug|iPhoneSimulator.Build.0 = Debug|Any CPU
		{B593425E-C81D-407C-A4E7-0ABBB59F7B56}.Release|iPhone.ActiveCfg = Release|Any CPU
		{B593425E-C81D-407C-A4E7-0ABBB59F7B56}.Release|iPhone.Build.0 = Release|Any CPU
		{B593425E-C81D-407C-A4E7-0ABBB59F7B56}.Release|iPhoneSimulator.ActiveCfg = Release|Any CPU
		{B593425E-C81D-407C-A4E7-0ABBB59F7B56}.Release|iPhoneSimulator.Build.0 = Release|Any CPU
		{B593425E-C81D-407C-A4E7-0ABBB59F7B56}.Debug|iPhone.ActiveCfg = Debug|Any CPU
		{B593425E-C81D-407C-A4E7-0ABBB59F7B56}.Debug|iPhone.Build.0 = Debug|Any CPU
		{7E821C75-4C03-479D-A460-CADFA8AD7AC3}.Debug|Any CPU.ActiveCfg = Debug|Any CPU
		{7E821C75-4C03-479D-A460-CADFA8AD7AC3}.Debug|Any CPU.Build.0 = Debug|Any CPU
		{7E821C75-4C03-479D-A460-CADFA8AD7AC3}.Release|Any CPU.ActiveCfg = Release|Any CPU
		{7E821C75-4C03-479D-A460-CADFA8AD7AC3}.Release|Any CPU.Build.0 = Release|Any CPU
		{7E821C75-4C03-479D-A460-CADFA8AD7AC3}.Debug|iPhoneSimulator.ActiveCfg = Debug|Any CPU
		{7E821C75-4C03-479D-A460-CADFA8AD7AC3}.Debug|iPhoneSimulator.Build.0 = Debug|Any CPU
		{7E821C75-4C03-479D-A460-CADFA8AD7AC3}.Release|iPhone.ActiveCfg = Release|Any CPU
		{7E821C75-4C03-479D-A460-CADFA8AD7AC3}.Release|iPhone.Build.0 = Release|Any CPU
		{7E821C75-4C03-479D-A460-CADFA8AD7AC3}.Release|iPhoneSimulator.ActiveCfg = Release|Any CPU
		{7E821C75-4C03-479D-A460-CADFA8AD7AC3}.Release|iPhoneSimulator.Build.0 = Release|Any CPU
		{7E821C75-4C03-479D-A460-CADFA8AD7AC3}.Debug|iPhone.ActiveCfg = Debug|Any CPU
		{7E821C75-4C03-479D-A460-CADFA8AD7AC3}.Debug|iPhone.Build.0 = Debug|Any CPU
		{CA785F34-BA09-4046-A5FD-0AC2F0298C52}.Debug|Any CPU.ActiveCfg = Debug|Any CPU
		{CA785F34-BA09-4046-A5FD-0AC2F0298C52}.Debug|Any CPU.Build.0 = Debug|Any CPU
		{CA785F34-BA09-4046-A5FD-0AC2F0298C52}.Release|Any CPU.ActiveCfg = Release|Any CPU
		{CA785F34-BA09-4046-A5FD-0AC2F0298C52}.Release|Any CPU.Build.0 = Release|Any CPU
		{CA785F34-BA09-4046-A5FD-0AC2F0298C52}.Debug|iPhoneSimulator.ActiveCfg = Debug|Any CPU
		{CA785F34-BA09-4046-A5FD-0AC2F0298C52}.Debug|iPhoneSimulator.Build.0 = Debug|Any CPU
		{CA785F34-BA09-4046-A5FD-0AC2F0298C52}.Release|iPhone.ActiveCfg = Release|Any CPU
		{CA785F34-BA09-4046-A5FD-0AC2F0298C52}.Release|iPhone.Build.0 = Release|Any CPU
		{CA785F34-BA09-4046-A5FD-0AC2F0298C52}.Release|iPhoneSimulator.ActiveCfg = Release|Any CPU
		{CA785F34-BA09-4046-A5FD-0AC2F0298C52}.Release|iPhoneSimulator.Build.0 = Release|Any CPU
		{CA785F34-BA09-4046-A5FD-0AC2F0298C52}.Debug|iPhone.ActiveCfg = Debug|Any CPU
		{CA785F34-BA09-4046-A5FD-0AC2F0298C52}.Debug|iPhone.Build.0 = Debug|Any CPU
		{61EFCA80-804D-4877-B98F-81ABFC3198A2}.Debug|Any CPU.ActiveCfg = Debug|Any CPU
		{61EFCA80-804D-4877-B98F-81ABFC3198A2}.Debug|Any CPU.Build.0 = Debug|Any CPU
		{61EFCA80-804D-4877-B98F-81ABFC3198A2}.Release|Any CPU.ActiveCfg = Release|Any CPU
		{61EFCA80-804D-4877-B98F-81ABFC3198A2}.Release|Any CPU.Build.0 = Release|Any CPU
		{61EFCA80-804D-4877-B98F-81ABFC3198A2}.Debug|iPhoneSimulator.ActiveCfg = Debug|Any CPU
		{61EFCA80-804D-4877-B98F-81ABFC3198A2}.Debug|iPhoneSimulator.Build.0 = Debug|Any CPU
		{61EFCA80-804D-4877-B98F-81ABFC3198A2}.Release|iPhone.ActiveCfg = Release|Any CPU
		{61EFCA80-804D-4877-B98F-81ABFC3198A2}.Release|iPhone.Build.0 = Release|Any CPU
		{61EFCA80-804D-4877-B98F-81ABFC3198A2}.Release|iPhoneSimulator.ActiveCfg = Release|Any CPU
		{61EFCA80-804D-4877-B98F-81ABFC3198A2}.Release|iPhoneSimulator.Build.0 = Release|Any CPU
		{61EFCA80-804D-4877-B98F-81ABFC3198A2}.Debug|iPhone.ActiveCfg = Debug|Any CPU
		{61EFCA80-804D-4877-B98F-81ABFC3198A2}.Debug|iPhone.Build.0 = Debug|Any CPU
		{2062205F-4EB7-4E8E-9006-6036871F4010}.Debug|Any CPU.ActiveCfg = Debug|iPhoneSimulator
		{2062205F-4EB7-4E8E-9006-6036871F4010}.Debug|Any CPU.Build.0 = Debug|iPhoneSimulator
		{2062205F-4EB7-4E8E-9006-6036871F4010}.Release|Any CPU.ActiveCfg = Release|iPhone
		{2062205F-4EB7-4E8E-9006-6036871F4010}.Release|Any CPU.Build.0 = Release|iPhone
		{2062205F-4EB7-4E8E-9006-6036871F4010}.Debug|iPhoneSimulator.ActiveCfg = Debug|iPhoneSimulator
		{2062205F-4EB7-4E8E-9006-6036871F4010}.Debug|iPhoneSimulator.Build.0 = Debug|iPhoneSimulator
		{2062205F-4EB7-4E8E-9006-6036871F4010}.Release|iPhone.ActiveCfg = Release|iPhone
		{2062205F-4EB7-4E8E-9006-6036871F4010}.Release|iPhone.Build.0 = Release|iPhone
		{2062205F-4EB7-4E8E-9006-6036871F4010}.Release|iPhoneSimulator.ActiveCfg = Release|iPhoneSimulator
		{2062205F-4EB7-4E8E-9006-6036871F4010}.Release|iPhoneSimulator.Build.0 = Release|iPhoneSimulator
		{2062205F-4EB7-4E8E-9006-6036871F4010}.Debug|iPhone.ActiveCfg = Debug|iPhone
		{2062205F-4EB7-4E8E-9006-6036871F4010}.Debug|iPhone.Build.0 = Debug|iPhone
		{CB9E41D1-06FB-410B-AC9E-1EDF0EEE3E66}.Debug|Any CPU.ActiveCfg = Debug|Any CPU
		{CB9E41D1-06FB-410B-AC9E-1EDF0EEE3E66}.Debug|Any CPU.Build.0 = Debug|Any CPU
		{CB9E41D1-06FB-410B-AC9E-1EDF0EEE3E66}.Release|Any CPU.ActiveCfg = Release|Any CPU
		{CB9E41D1-06FB-410B-AC9E-1EDF0EEE3E66}.Release|Any CPU.Build.0 = Release|Any CPU
		{CB9E41D1-06FB-410B-AC9E-1EDF0EEE3E66}.Debug|iPhoneSimulator.ActiveCfg = Debug|Any CPU
		{CB9E41D1-06FB-410B-AC9E-1EDF0EEE3E66}.Debug|iPhoneSimulator.Build.0 = Debug|Any CPU
		{CB9E41D1-06FB-410B-AC9E-1EDF0EEE3E66}.Release|iPhone.ActiveCfg = Release|Any CPU
		{CB9E41D1-06FB-410B-AC9E-1EDF0EEE3E66}.Release|iPhone.Build.0 = Release|Any CPU
		{CB9E41D1-06FB-410B-AC9E-1EDF0EEE3E66}.Release|iPhoneSimulator.ActiveCfg = Release|Any CPU
		{CB9E41D1-06FB-410B-AC9E-1EDF0EEE3E66}.Release|iPhoneSimulator.Build.0 = Release|Any CPU
		{CB9E41D1-06FB-410B-AC9E-1EDF0EEE3E66}.Debug|iPhone.ActiveCfg = Debug|Any CPU
		{CB9E41D1-06FB-410B-AC9E-1EDF0EEE3E66}.Debug|iPhone.Build.0 = Debug|Any CPU
		{4662166B-0FA4-4F8B-82AD-9C2DCDA141A8}.Debug|Any CPU.ActiveCfg = Debug|Any CPU
		{4662166B-0FA4-4F8B-82AD-9C2DCDA141A8}.Debug|Any CPU.Build.0 = Debug|Any CPU
		{4662166B-0FA4-4F8B-82AD-9C2DCDA141A8}.Release|Any CPU.ActiveCfg = Release|Any CPU
		{4662166B-0FA4-4F8B-82AD-9C2DCDA141A8}.Release|Any CPU.Build.0 = Release|Any CPU
		{4662166B-0FA4-4F8B-82AD-9C2DCDA141A8}.Debug|iPhoneSimulator.ActiveCfg = Debug|Any CPU
		{4662166B-0FA4-4F8B-82AD-9C2DCDA141A8}.Debug|iPhoneSimulator.Build.0 = Debug|Any CPU
		{4662166B-0FA4-4F8B-82AD-9C2DCDA141A8}.Release|iPhone.ActiveCfg = Release|Any CPU
		{4662166B-0FA4-4F8B-82AD-9C2DCDA141A8}.Release|iPhone.Build.0 = Release|Any CPU
		{4662166B-0FA4-4F8B-82AD-9C2DCDA141A8}.Release|iPhoneSimulator.ActiveCfg = Release|Any CPU
		{4662166B-0FA4-4F8B-82AD-9C2DCDA141A8}.Release|iPhoneSimulator.Build.0 = Release|Any CPU
		{4662166B-0FA4-4F8B-82AD-9C2DCDA141A8}.Debug|iPhone.ActiveCfg = Debug|Any CPU
		{4662166B-0FA4-4F8B-82AD-9C2DCDA141A8}.Debug|iPhone.Build.0 = Debug|Any CPU
		{3B58D75F-A014-4A30-92C4-C0839836F747}.Debug|Any CPU.ActiveCfg = Debug|Any CPU
		{3B58D75F-A014-4A30-92C4-C0839836F747}.Debug|Any CPU.Build.0 = Debug|Any CPU
		{3B58D75F-A014-4A30-92C4-C0839836F747}.Release|Any CPU.ActiveCfg = Release|Any CPU
		{3B58D75F-A014-4A30-92C4-C0839836F747}.Release|Any CPU.Build.0 = Release|Any CPU
		{3B58D75F-A014-4A30-92C4-C0839836F747}.Debug|iPhoneSimulator.ActiveCfg = Debug|Any CPU
		{3B58D75F-A014-4A30-92C4-C0839836F747}.Debug|iPhoneSimulator.Build.0 = Debug|Any CPU
		{3B58D75F-A014-4A30-92C4-C0839836F747}.Release|iPhone.ActiveCfg = Release|Any CPU
		{3B58D75F-A014-4A30-92C4-C0839836F747}.Release|iPhone.Build.0 = Release|Any CPU
		{3B58D75F-A014-4A30-92C4-C0839836F747}.Release|iPhoneSimulator.ActiveCfg = Release|Any CPU
		{3B58D75F-A014-4A30-92C4-C0839836F747}.Release|iPhoneSimulator.Build.0 = Release|Any CPU
		{3B58D75F-A014-4A30-92C4-C0839836F747}.Debug|iPhone.ActiveCfg = Debug|Any CPU
		{3B58D75F-A014-4A30-92C4-C0839836F747}.Debug|iPhone.Build.0 = Debug|Any CPU
		{2A0A512B-C995-48C0-91A9-91F2FCA98FF5}.Debug|Any CPU.ActiveCfg = Debug|Any CPU
		{2A0A512B-C995-48C0-91A9-91F2FCA98FF5}.Debug|Any CPU.Build.0 = Debug|Any CPU
		{2A0A512B-C995-48C0-91A9-91F2FCA98FF5}.Release|Any CPU.ActiveCfg = Release|Any CPU
		{2A0A512B-C995-48C0-91A9-91F2FCA98FF5}.Release|Any CPU.Build.0 = Release|Any CPU
		{2A0A512B-C995-48C0-91A9-91F2FCA98FF5}.Debug|iPhoneSimulator.ActiveCfg = Debug|Any CPU
		{2A0A512B-C995-48C0-91A9-91F2FCA98FF5}.Debug|iPhoneSimulator.Build.0 = Debug|Any CPU
		{2A0A512B-C995-48C0-91A9-91F2FCA98FF5}.Release|iPhone.ActiveCfg = Release|Any CPU
		{2A0A512B-C995-48C0-91A9-91F2FCA98FF5}.Release|iPhone.Build.0 = Release|Any CPU
		{2A0A512B-C995-48C0-91A9-91F2FCA98FF5}.Release|iPhoneSimulator.ActiveCfg = Release|Any CPU
		{2A0A512B-C995-48C0-91A9-91F2FCA98FF5}.Release|iPhoneSimulator.Build.0 = Release|Any CPU
		{2A0A512B-C995-48C0-91A9-91F2FCA98FF5}.Debug|iPhone.ActiveCfg = Debug|Any CPU
		{2A0A512B-C995-48C0-91A9-91F2FCA98FF5}.Debug|iPhone.Build.0 = Debug|Any CPU
	EndGlobalSection
	GlobalSection(NestedProjects) = preSolution
		{E07F6E41-3DBB-4DB9-A3A4-3F4B8EADB653} = {9AF83EA7-D60A-4887-B14A-008088C34DBA}
		{D5C59679-2E23-4A18-B469-650EB4D89CE5} = {9AF83EA7-D60A-4887-B14A-008088C34DBA}
		{B593425E-C81D-407C-A4E7-0ABBB59F7B56} = {9AF83EA7-D60A-4887-B14A-008088C34DBA}
		{98BAA29A-17C2-4E70-8E08-11466A44A3AD} = {0B3EE361-676B-495F-BA0E-A271572BA7C1}
		{7E821C75-4C03-479D-A460-CADFA8AD7AC3} = {0B3EE361-676B-495F-BA0E-A271572BA7C1}
		{CA785F34-BA09-4046-A5FD-0AC2F0298C52} = {0B3EE361-676B-495F-BA0E-A271572BA7C1}
		{F5933A0E-4563-401A-8EE3-05248E4C56DA} = {7FA99C05-271D-4409-B36E-0BB2B22D0F7F}
		{61EFCA80-804D-4877-B98F-81ABFC3198A2} = {7FA99C05-271D-4409-B36E-0BB2B22D0F7F}
		{2062205F-4EB7-4E8E-9006-6036871F4010} = {7FA99C05-271D-4409-B36E-0BB2B22D0F7F}
		{DDC4CFE1-654B-4F22-9392-78AD06D94127} = {0EAB944A-BA44-43F6-9719-D277BA2B0E76}
		{CB9E41D1-06FB-410B-AC9E-1EDF0EEE3E66} = {0EAB944A-BA44-43F6-9719-D277BA2B0E76}
		{4662166B-0FA4-4F8B-82AD-9C2DCDA141A8} = {0EAB944A-BA44-43F6-9719-D277BA2B0E76}
		{D8E82BD8-4867-4267-A9FF-159CD1C2CA6C} = {6D0D68E4-7184-4DFE-AB25-F40C936C14B6}
		{3B58D75F-A014-4A30-92C4-C0839836F747} = {6D0D68E4-7184-4DFE-AB25-F40C936C14B6}
		{2A0A512B-C995-48C0-91A9-91F2FCA98FF5} = {6D0D68E4-7184-4DFE-AB25-F40C936C14B6}
	EndGlobalSection
EndGlobal
