Microsoft Visual Studio Solution File, Format Version 12.00
# Visual Studio 15
VisualStudioVersion = 15.0.27130.2010
MinimumVisualStudioVersion = 10.0.40219.1
Project("{2150E333-8FDC-42A3-9474-1A3956D46DE8}") = "Samples", "Samples", "{7FA99C05-271D-4409-B36E-0BB2B22D0F7F}"
EndProject
Project("{FAE04EC0-301F-11D3-BF4B-00C04F79EFBC}") = "SampleServices.Android", "Sample\SampleServices.Android\SampleServices.Android.csproj", "{61EFCA80-804D-4877-B98F-81ABFC3198A2}"
EndProject
Project("{FAE04EC0-301F-11D3-BF4B-00C04F79EFBC}") = "SampleServices.iOS", "Sample\SampleServices.iOS\SampleServices.iOS.csproj", "{2062205F-4EB7-4E8E-9006-6036871F4010}"
EndProject
Project("{D954291E-2A0B-460D-934E-DC6B0785DB48}") = "Xamarin.Services.Shared", "Source\Xamarin.Services.Shared\Xamarin.Services.Shared.shproj", "{E07F6E41-3DBB-4DB9-A3A4-3F4B8EADB653}"
EndProject
Project("{FAE04EC0-301F-11D3-BF4B-00C04F79EFBC}") = "Xamarin.Services.Android", "Source\Xamarin.Services.Android\Xamarin.Services.Android.csproj", "{D5C59679-2E23-4A18-B469-650EB4D89CE5}"
EndProject
Project("{FAE04EC0-301F-11D3-BF4B-00C04F79EFBC}") = "Xamarin.Services.iOS", "Source\Xamarin.Services.iOS\Xamarin.Services.iOS.csproj", "{B593425E-C81D-407C-A4E7-0ABBB59F7B56}"
EndProject
Project("{2150E333-8FDC-42A3-9474-1A3956D46DE8}") = "Source", "Source", "{953303BB-1045-417D-B3F7-FC2ABEBBCC2B}"
EndProject
Project("{9A19103F-16F7-4668-BE54-9A1E7A4F7556}") = "Xamarin.Services.NetStandard", "Source\Xamarin.Services.NetStandard\Xamarin.Services.NetStandard.csproj", "{21A5B224-9FEC-4B7C-BCA5-37B4CC263EAF}"
EndProject
Project("{9A19103F-16F7-4668-BE54-9A1E7A4F7556}") = "SampleServices", "Sample\SampleServices\SampleServices.csproj", "{5ED4BE42-3453-4EA7-AE69-E00A61DF078C}"
EndProject
Project("{FAE04EC0-301F-11D3-BF4B-00C04F79EFBC}") = "SampleServices.UWP", "Sample\SampleServices.UWP\SampleServices.UWP.csproj", "{8D2128D5-9893-4869-8F69-6AD16779AC64}"
EndProject
Project("{FAE04EC0-301F-11D3-BF4B-00C04F79EFBC}") = "Xamarin.Services.UWP", "Source\Xamarin.Services.UWP\Xamarin.Services.UWP.csproj", "{55E0A006-E47C-47DD-8AA9-B338975F7092}"
EndProject
Global
	GlobalSection(SharedMSBuildProjectFiles) = preSolution
		Source\Xamarin.Services.Shared\Xamarin.Services.Shared.projitems*{55e0a006-e47c-47dd-8aa9-b338975f7092}*SharedItemsImports = 4
		Source\Xamarin.Services.Shared\Xamarin.Services.Shared.projitems*{b593425e-c81d-407c-a4e7-0abbb59f7b56}*SharedItemsImports = 4
		Source\Xamarin.Services.Shared\Xamarin.Services.Shared.projitems*{d5c59679-2e23-4a18-b469-650eb4d89ce5}*SharedItemsImports = 4
		Source\Xamarin.Services.Shared\Xamarin.Services.Shared.projitems*{e07f6e41-3dbb-4db9-a3a4-3f4b8eadb653}*SharedItemsImports = 13
	EndGlobalSection
	GlobalSection(SolutionConfigurationPlatforms) = preSolution
		Debug|Any CPU = Debug|Any CPU
		Debug|ARM = Debug|ARM
		Debug|iPhone = Debug|iPhone
		Debug|iPhoneSimulator = Debug|iPhoneSimulator
		Debug|x64 = Debug|x64
		Debug|x86 = Debug|x86
		Release|Any CPU = Release|Any CPU
		Release|ARM = Release|ARM
		Release|iPhone = Release|iPhone
		Release|iPhoneSimulator = Release|iPhoneSimulator
		Release|x64 = Release|x64
		Release|x86 = Release|x86
	EndGlobalSection
	GlobalSection(ProjectConfigurationPlatforms) = postSolution
		{61EFCA80-804D-4877-B98F-81ABFC3198A2}.Debug|Any CPU.ActiveCfg = Debug|Any CPU
		{61EFCA80-804D-4877-B98F-81ABFC3198A2}.Debug|Any CPU.Build.0 = Debug|Any CPU
		{61EFCA80-804D-4877-B98F-81ABFC3198A2}.Debug|Any CPU.Deploy.0 = Debug|Any CPU
		{61EFCA80-804D-4877-B98F-81ABFC3198A2}.Debug|ARM.ActiveCfg = Debug|Any CPU
		{61EFCA80-804D-4877-B98F-81ABFC3198A2}.Debug|ARM.Build.0 = Debug|Any CPU
		{61EFCA80-804D-4877-B98F-81ABFC3198A2}.Debug|ARM.Deploy.0 = Debug|Any CPU
		{61EFCA80-804D-4877-B98F-81ABFC3198A2}.Debug|iPhone.ActiveCfg = Debug|Any CPU
		{61EFCA80-804D-4877-B98F-81ABFC3198A2}.Debug|iPhone.Build.0 = Debug|Any CPU
		{61EFCA80-804D-4877-B98F-81ABFC3198A2}.Debug|iPhone.Deploy.0 = Debug|Any CPU
		{61EFCA80-804D-4877-B98F-81ABFC3198A2}.Debug|iPhoneSimulator.ActiveCfg = Debug|Any CPU
		{61EFCA80-804D-4877-B98F-81ABFC3198A2}.Debug|iPhoneSimulator.Build.0 = Debug|Any CPU
		{61EFCA80-804D-4877-B98F-81ABFC3198A2}.Debug|iPhoneSimulator.Deploy.0 = Debug|Any CPU
		{61EFCA80-804D-4877-B98F-81ABFC3198A2}.Debug|x64.ActiveCfg = Debug|Any CPU
		{61EFCA80-804D-4877-B98F-81ABFC3198A2}.Debug|x64.Build.0 = Debug|Any CPU
		{61EFCA80-804D-4877-B98F-81ABFC3198A2}.Debug|x64.Deploy.0 = Debug|Any CPU
		{61EFCA80-804D-4877-B98F-81ABFC3198A2}.Debug|x86.ActiveCfg = Debug|Any CPU
		{61EFCA80-804D-4877-B98F-81ABFC3198A2}.Debug|x86.Build.0 = Debug|Any CPU
		{61EFCA80-804D-4877-B98F-81ABFC3198A2}.Debug|x86.Deploy.0 = Debug|Any CPU
		{61EFCA80-804D-4877-B98F-81ABFC3198A2}.Release|Any CPU.ActiveCfg = Release|Any CPU
		{61EFCA80-804D-4877-B98F-81ABFC3198A2}.Release|Any CPU.Build.0 = Release|Any CPU
		{61EFCA80-804D-4877-B98F-81ABFC3198A2}.Release|Any CPU.Deploy.0 = Release|Any CPU
		{61EFCA80-804D-4877-B98F-81ABFC3198A2}.Release|ARM.ActiveCfg = Release|Any CPU
		{61EFCA80-804D-4877-B98F-81ABFC3198A2}.Release|ARM.Build.0 = Release|Any CPU
		{61EFCA80-804D-4877-B98F-81ABFC3198A2}.Release|ARM.Deploy.0 = Release|Any CPU
		{61EFCA80-804D-4877-B98F-81ABFC3198A2}.Release|iPhone.ActiveCfg = Release|Any CPU
		{61EFCA80-804D-4877-B98F-81ABFC3198A2}.Release|iPhone.Build.0 = Release|Any CPU
		{61EFCA80-804D-4877-B98F-81ABFC3198A2}.Release|iPhone.Deploy.0 = Release|Any CPU
		{61EFCA80-804D-4877-B98F-81ABFC3198A2}.Release|iPhoneSimulator.ActiveCfg = Release|Any CPU
		{61EFCA80-804D-4877-B98F-81ABFC3198A2}.Release|iPhoneSimulator.Build.0 = Release|Any CPU
		{61EFCA80-804D-4877-B98F-81ABFC3198A2}.Release|iPhoneSimulator.Deploy.0 = Release|Any CPU
		{61EFCA80-804D-4877-B98F-81ABFC3198A2}.Release|x64.ActiveCfg = Release|Any CPU
		{61EFCA80-804D-4877-B98F-81ABFC3198A2}.Release|x64.Build.0 = Release|Any CPU
		{61EFCA80-804D-4877-B98F-81ABFC3198A2}.Release|x64.Deploy.0 = Release|Any CPU
		{61EFCA80-804D-4877-B98F-81ABFC3198A2}.Release|x86.ActiveCfg = Release|Any CPU
		{61EFCA80-804D-4877-B98F-81ABFC3198A2}.Release|x86.Build.0 = Release|Any CPU
		{61EFCA80-804D-4877-B98F-81ABFC3198A2}.Release|x86.Deploy.0 = Release|Any CPU
		{2062205F-4EB7-4E8E-9006-6036871F4010}.Debug|Any CPU.ActiveCfg = Debug|iPhoneSimulator
		{2062205F-4EB7-4E8E-9006-6036871F4010}.Debug|Any CPU.Build.0 = Debug|iPhoneSimulator
		{2062205F-4EB7-4E8E-9006-6036871F4010}.Debug|ARM.ActiveCfg = Debug|iPhone
		{2062205F-4EB7-4E8E-9006-6036871F4010}.Debug|ARM.Build.0 = Debug|iPhone
		{2062205F-4EB7-4E8E-9006-6036871F4010}.Debug|iPhone.ActiveCfg = Debug|iPhone
		{2062205F-4EB7-4E8E-9006-6036871F4010}.Debug|iPhone.Build.0 = Debug|iPhone
		{2062205F-4EB7-4E8E-9006-6036871F4010}.Debug|iPhoneSimulator.ActiveCfg = Debug|iPhoneSimulator
		{2062205F-4EB7-4E8E-9006-6036871F4010}.Debug|iPhoneSimulator.Build.0 = Debug|iPhoneSimulator
		{2062205F-4EB7-4E8E-9006-6036871F4010}.Debug|x64.ActiveCfg = Debug|iPhoneSimulator
		{2062205F-4EB7-4E8E-9006-6036871F4010}.Debug|x64.Build.0 = Debug|iPhoneSimulator
		{2062205F-4EB7-4E8E-9006-6036871F4010}.Debug|x86.ActiveCfg = Debug|iPhoneSimulator
		{2062205F-4EB7-4E8E-9006-6036871F4010}.Debug|x86.Build.0 = Debug|iPhoneSimulator
		{2062205F-4EB7-4E8E-9006-6036871F4010}.Release|Any CPU.ActiveCfg = Release|iPhoneSimulator
		{2062205F-4EB7-4E8E-9006-6036871F4010}.Release|Any CPU.Build.0 = Release|iPhoneSimulator
		{2062205F-4EB7-4E8E-9006-6036871F4010}.Release|ARM.ActiveCfg = Release|iPhone
		{2062205F-4EB7-4E8E-9006-6036871F4010}.Release|ARM.Build.0 = Release|iPhone
		{2062205F-4EB7-4E8E-9006-6036871F4010}.Release|iPhone.ActiveCfg = Release|iPhone
		{2062205F-4EB7-4E8E-9006-6036871F4010}.Release|iPhone.Build.0 = Release|iPhone
		{2062205F-4EB7-4E8E-9006-6036871F4010}.Release|iPhoneSimulator.ActiveCfg = Release|iPhoneSimulator
		{2062205F-4EB7-4E8E-9006-6036871F4010}.Release|iPhoneSimulator.Build.0 = Release|iPhoneSimulator
		{2062205F-4EB7-4E8E-9006-6036871F4010}.Release|x64.ActiveCfg = Release|iPhoneSimulator
		{2062205F-4EB7-4E8E-9006-6036871F4010}.Release|x64.Build.0 = Release|iPhoneSimulator
		{2062205F-4EB7-4E8E-9006-6036871F4010}.Release|x86.ActiveCfg = Release|iPhoneSimulator
		{2062205F-4EB7-4E8E-9006-6036871F4010}.Release|x86.Build.0 = Release|iPhoneSimulator
		{D5C59679-2E23-4A18-B469-650EB4D89CE5}.Debug|Any CPU.ActiveCfg = Debug|Any CPU
		{D5C59679-2E23-4A18-B469-650EB4D89CE5}.Debug|Any CPU.Build.0 = Debug|Any CPU
		{D5C59679-2E23-4A18-B469-650EB4D89CE5}.Debug|ARM.ActiveCfg = Debug|Any CPU
		{D5C59679-2E23-4A18-B469-650EB4D89CE5}.Debug|ARM.Build.0 = Debug|Any CPU
		{D5C59679-2E23-4A18-B469-650EB4D89CE5}.Debug|iPhone.ActiveCfg = Debug|Any CPU
		{D5C59679-2E23-4A18-B469-650EB4D89CE5}.Debug|iPhone.Build.0 = Debug|Any CPU
		{D5C59679-2E23-4A18-B469-650EB4D89CE5}.Debug|iPhoneSimulator.ActiveCfg = Debug|Any CPU
		{D5C59679-2E23-4A18-B469-650EB4D89CE5}.Debug|iPhoneSimulator.Build.0 = Debug|Any CPU
		{D5C59679-2E23-4A18-B469-650EB4D89CE5}.Debug|x64.ActiveCfg = Debug|Any CPU
		{D5C59679-2E23-4A18-B469-650EB4D89CE5}.Debug|x64.Build.0 = Debug|Any CPU
		{D5C59679-2E23-4A18-B469-650EB4D89CE5}.Debug|x86.ActiveCfg = Debug|Any CPU
		{D5C59679-2E23-4A18-B469-650EB4D89CE5}.Debug|x86.Build.0 = Debug|Any CPU
		{D5C59679-2E23-4A18-B469-650EB4D89CE5}.Release|Any CPU.ActiveCfg = Release|Any CPU
		{D5C59679-2E23-4A18-B469-650EB4D89CE5}.Release|Any CPU.Build.0 = Release|Any CPU
		{D5C59679-2E23-4A18-B469-650EB4D89CE5}.Release|ARM.ActiveCfg = Release|Any CPU
		{D5C59679-2E23-4A18-B469-650EB4D89CE5}.Release|ARM.Build.0 = Release|Any CPU
		{D5C59679-2E23-4A18-B469-650EB4D89CE5}.Release|iPhone.ActiveCfg = Release|Any CPU
		{D5C59679-2E23-4A18-B469-650EB4D89CE5}.Release|iPhone.Build.0 = Release|Any CPU
		{D5C59679-2E23-4A18-B469-650EB4D89CE5}.Release|iPhoneSimulator.ActiveCfg = Release|Any CPU
		{D5C59679-2E23-4A18-B469-650EB4D89CE5}.Release|iPhoneSimulator.Build.0 = Release|Any CPU
		{D5C59679-2E23-4A18-B469-650EB4D89CE5}.Release|x64.ActiveCfg = Release|Any CPU
		{D5C59679-2E23-4A18-B469-650EB4D89CE5}.Release|x64.Build.0 = Release|Any CPU
		{D5C59679-2E23-4A18-B469-650EB4D89CE5}.Release|x86.ActiveCfg = Release|Any CPU
		{D5C59679-2E23-4A18-B469-650EB4D89CE5}.Release|x86.Build.0 = Release|Any CPU
		{B593425E-C81D-407C-A4E7-0ABBB59F7B56}.Debug|Any CPU.ActiveCfg = Debug|Any CPU
		{B593425E-C81D-407C-A4E7-0ABBB59F7B56}.Debug|Any CPU.Build.0 = Debug|Any CPU
		{B593425E-C81D-407C-A4E7-0ABBB59F7B56}.Debug|ARM.ActiveCfg = Debug|Any CPU
		{B593425E-C81D-407C-A4E7-0ABBB59F7B56}.Debug|ARM.Build.0 = Debug|Any CPU
		{B593425E-C81D-407C-A4E7-0ABBB59F7B56}.Debug|iPhone.ActiveCfg = Debug|Any CPU
		{B593425E-C81D-407C-A4E7-0ABBB59F7B56}.Debug|iPhone.Build.0 = Debug|Any CPU
		{B593425E-C81D-407C-A4E7-0ABBB59F7B56}.Debug|iPhoneSimulator.ActiveCfg = Debug|Any CPU
		{B593425E-C81D-407C-A4E7-0ABBB59F7B56}.Debug|iPhoneSimulator.Build.0 = Debug|Any CPU
		{B593425E-C81D-407C-A4E7-0ABBB59F7B56}.Debug|x64.ActiveCfg = Debug|Any CPU
		{B593425E-C81D-407C-A4E7-0ABBB59F7B56}.Debug|x64.Build.0 = Debug|Any CPU
		{B593425E-C81D-407C-A4E7-0ABBB59F7B56}.Debug|x86.ActiveCfg = Debug|Any CPU
		{B593425E-C81D-407C-A4E7-0ABBB59F7B56}.Debug|x86.Build.0 = Debug|Any CPU
		{B593425E-C81D-407C-A4E7-0ABBB59F7B56}.Release|Any CPU.ActiveCfg = Release|Any CPU
		{B593425E-C81D-407C-A4E7-0ABBB59F7B56}.Release|Any CPU.Build.0 = Release|Any CPU
		{B593425E-C81D-407C-A4E7-0ABBB59F7B56}.Release|ARM.ActiveCfg = Release|Any CPU
		{B593425E-C81D-407C-A4E7-0ABBB59F7B56}.Release|ARM.Build.0 = Release|Any CPU
		{B593425E-C81D-407C-A4E7-0ABBB59F7B56}.Release|iPhone.ActiveCfg = Release|Any CPU
		{B593425E-C81D-407C-A4E7-0ABBB59F7B56}.Release|iPhone.Build.0 = Release|Any CPU
		{B593425E-C81D-407C-A4E7-0ABBB59F7B56}.Release|iPhoneSimulator.ActiveCfg = Release|Any CPU
		{B593425E-C81D-407C-A4E7-0ABBB59F7B56}.Release|iPhoneSimulator.Build.0 = Release|Any CPU
		{B593425E-C81D-407C-A4E7-0ABBB59F7B56}.Release|x64.ActiveCfg = Release|Any CPU
		{B593425E-C81D-407C-A4E7-0ABBB59F7B56}.Release|x64.Build.0 = Release|Any CPU
		{B593425E-C81D-407C-A4E7-0ABBB59F7B56}.Release|x86.ActiveCfg = Release|Any CPU
		{B593425E-C81D-407C-A4E7-0ABBB59F7B56}.Release|x86.Build.0 = Release|Any CPU
		{21A5B224-9FEC-4B7C-BCA5-37B4CC263EAF}.Debug|Any CPU.ActiveCfg = Debug|Any CPU
		{21A5B224-9FEC-4B7C-BCA5-37B4CC263EAF}.Debug|Any CPU.Build.0 = Debug|Any CPU
		{21A5B224-9FEC-4B7C-BCA5-37B4CC263EAF}.Debug|ARM.ActiveCfg = Debug|Any CPU
		{21A5B224-9FEC-4B7C-BCA5-37B4CC263EAF}.Debug|ARM.Build.0 = Debug|Any CPU
		{21A5B224-9FEC-4B7C-BCA5-37B4CC263EAF}.Debug|iPhone.ActiveCfg = Debug|Any CPU
		{21A5B224-9FEC-4B7C-BCA5-37B4CC263EAF}.Debug|iPhone.Build.0 = Debug|Any CPU
		{21A5B224-9FEC-4B7C-BCA5-37B4CC263EAF}.Debug|iPhoneSimulator.ActiveCfg = Debug|Any CPU
		{21A5B224-9FEC-4B7C-BCA5-37B4CC263EAF}.Debug|iPhoneSimulator.Build.0 = Debug|Any CPU
		{21A5B224-9FEC-4B7C-BCA5-37B4CC263EAF}.Debug|x64.ActiveCfg = Debug|Any CPU
		{21A5B224-9FEC-4B7C-BCA5-37B4CC263EAF}.Debug|x64.Build.0 = Debug|Any CPU
		{21A5B224-9FEC-4B7C-BCA5-37B4CC263EAF}.Debug|x86.ActiveCfg = Debug|Any CPU
		{21A5B224-9FEC-4B7C-BCA5-37B4CC263EAF}.Debug|x86.Build.0 = Debug|Any CPU
		{21A5B224-9FEC-4B7C-BCA5-37B4CC263EAF}.Release|Any CPU.ActiveCfg = Release|Any CPU
		{21A5B224-9FEC-4B7C-BCA5-37B4CC263EAF}.Release|Any CPU.Build.0 = Release|Any CPU
		{21A5B224-9FEC-4B7C-BCA5-37B4CC263EAF}.Release|ARM.ActiveCfg = Release|Any CPU
		{21A5B224-9FEC-4B7C-BCA5-37B4CC263EAF}.Release|ARM.Build.0 = Release|Any CPU
		{21A5B224-9FEC-4B7C-BCA5-37B4CC263EAF}.Release|iPhone.ActiveCfg = Release|Any CPU
		{21A5B224-9FEC-4B7C-BCA5-37B4CC263EAF}.Release|iPhone.Build.0 = Release|Any CPU
		{21A5B224-9FEC-4B7C-BCA5-37B4CC263EAF}.Release|iPhoneSimulator.ActiveCfg = Release|Any CPU
		{21A5B224-9FEC-4B7C-BCA5-37B4CC263EAF}.Release|iPhoneSimulator.Build.0 = Release|Any CPU
		{21A5B224-9FEC-4B7C-BCA5-37B4CC263EAF}.Release|x64.ActiveCfg = Release|Any CPU
		{21A5B224-9FEC-4B7C-BCA5-37B4CC263EAF}.Release|x64.Build.0 = Release|Any CPU
		{21A5B224-9FEC-4B7C-BCA5-37B4CC263EAF}.Release|x86.ActiveCfg = Release|Any CPU
		{21A5B224-9FEC-4B7C-BCA5-37B4CC263EAF}.Release|x86.Build.0 = Release|Any CPU
		{5ED4BE42-3453-4EA7-AE69-E00A61DF078C}.Debug|Any CPU.ActiveCfg = Debug|Any CPU
		{5ED4BE42-3453-4EA7-AE69-E00A61DF078C}.Debug|Any CPU.Build.0 = Debug|Any CPU
		{5ED4BE42-3453-4EA7-AE69-E00A61DF078C}.Debug|ARM.ActiveCfg = Debug|Any CPU
		{5ED4BE42-3453-4EA7-AE69-E00A61DF078C}.Debug|ARM.Build.0 = Debug|Any CPU
		{5ED4BE42-3453-4EA7-AE69-E00A61DF078C}.Debug|iPhone.ActiveCfg = Debug|Any CPU
		{5ED4BE42-3453-4EA7-AE69-E00A61DF078C}.Debug|iPhone.Build.0 = Debug|Any CPU
		{5ED4BE42-3453-4EA7-AE69-E00A61DF078C}.Debug|iPhoneSimulator.ActiveCfg = Debug|Any CPU
		{5ED4BE42-3453-4EA7-AE69-E00A61DF078C}.Debug|iPhoneSimulator.Build.0 = Debug|Any CPU
		{5ED4BE42-3453-4EA7-AE69-E00A61DF078C}.Debug|x64.ActiveCfg = Debug|Any CPU
		{5ED4BE42-3453-4EA7-AE69-E00A61DF078C}.Debug|x64.Build.0 = Debug|Any CPU
		{5ED4BE42-3453-4EA7-AE69-E00A61DF078C}.Debug|x86.ActiveCfg = Debug|Any CPU
		{5ED4BE42-3453-4EA7-AE69-E00A61DF078C}.Debug|x86.Build.0 = Debug|Any CPU
		{5ED4BE42-3453-4EA7-AE69-E00A61DF078C}.Release|Any CPU.ActiveCfg = Release|Any CPU
		{5ED4BE42-3453-4EA7-AE69-E00A61DF078C}.Release|Any CPU.Build.0 = Release|Any CPU
		{5ED4BE42-3453-4EA7-AE69-E00A61DF078C}.Release|ARM.ActiveCfg = Release|Any CPU
		{5ED4BE42-3453-4EA7-AE69-E00A61DF078C}.Release|ARM.Build.0 = Release|Any CPU
		{5ED4BE42-3453-4EA7-AE69-E00A61DF078C}.Release|iPhone.ActiveCfg = Release|Any CPU
		{5ED4BE42-3453-4EA7-AE69-E00A61DF078C}.Release|iPhone.Build.0 = Release|Any CPU
		{5ED4BE42-3453-4EA7-AE69-E00A61DF078C}.Release|iPhoneSimulator.ActiveCfg = Release|Any CPU
		{5ED4BE42-3453-4EA7-AE69-E00A61DF078C}.Release|iPhoneSimulator.Build.0 = Release|Any CPU
		{5ED4BE42-3453-4EA7-AE69-E00A61DF078C}.Release|x64.ActiveCfg = Release|Any CPU
		{5ED4BE42-3453-4EA7-AE69-E00A61DF078C}.Release|x64.Build.0 = Release|Any CPU
		{5ED4BE42-3453-4EA7-AE69-E00A61DF078C}.Release|x86.ActiveCfg = Release|Any CPU
		{5ED4BE42-3453-4EA7-AE69-E00A61DF078C}.Release|x86.Build.0 = Release|Any CPU
		{8D2128D5-9893-4869-8F69-6AD16779AC64}.Debug|Any CPU.ActiveCfg = Debug|x86
		{8D2128D5-9893-4869-8F69-6AD16779AC64}.Debug|Any CPU.Build.0 = Debug|x86
		{8D2128D5-9893-4869-8F69-6AD16779AC64}.Debug|Any CPU.Deploy.0 = Debug|x86
		{8D2128D5-9893-4869-8F69-6AD16779AC64}.Debug|ARM.ActiveCfg = Debug|ARM
		{8D2128D5-9893-4869-8F69-6AD16779AC64}.Debug|ARM.Build.0 = Debug|ARM
		{8D2128D5-9893-4869-8F69-6AD16779AC64}.Debug|ARM.Deploy.0 = Debug|ARM
		{8D2128D5-9893-4869-8F69-6AD16779AC64}.Debug|iPhone.ActiveCfg = Debug|ARM
		{8D2128D5-9893-4869-8F69-6AD16779AC64}.Debug|iPhone.Build.0 = Debug|ARM
		{8D2128D5-9893-4869-8F69-6AD16779AC64}.Debug|iPhone.Deploy.0 = Debug|ARM
		{8D2128D5-9893-4869-8F69-6AD16779AC64}.Debug|iPhoneSimulator.ActiveCfg = Debug|x86
		{8D2128D5-9893-4869-8F69-6AD16779AC64}.Debug|iPhoneSimulator.Build.0 = Debug|x86
		{8D2128D5-9893-4869-8F69-6AD16779AC64}.Debug|iPhoneSimulator.Deploy.0 = Debug|x86
		{8D2128D5-9893-4869-8F69-6AD16779AC64}.Debug|x64.ActiveCfg = Debug|x64
		{8D2128D5-9893-4869-8F69-6AD16779AC64}.Debug|x64.Build.0 = Debug|x64
		{8D2128D5-9893-4869-8F69-6AD16779AC64}.Debug|x64.Deploy.0 = Debug|x64
		{8D2128D5-9893-4869-8F69-6AD16779AC64}.Debug|x86.ActiveCfg = Debug|x86
		{8D2128D5-9893-4869-8F69-6AD16779AC64}.Debug|x86.Build.0 = Debug|x86
		{8D2128D5-9893-4869-8F69-6AD16779AC64}.Debug|x86.Deploy.0 = Debug|x86
		{8D2128D5-9893-4869-8F69-6AD16779AC64}.Release|Any CPU.ActiveCfg = Release|x86
		{8D2128D5-9893-4869-8F69-6AD16779AC64}.Release|Any CPU.Build.0 = Release|x86
		{8D2128D5-9893-4869-8F69-6AD16779AC64}.Release|Any CPU.Deploy.0 = Release|x86
		{8D2128D5-9893-4869-8F69-6AD16779AC64}.Release|ARM.ActiveCfg = Release|ARM
		{8D2128D5-9893-4869-8F69-6AD16779AC64}.Release|ARM.Build.0 = Release|ARM
		{8D2128D5-9893-4869-8F69-6AD16779AC64}.Release|ARM.Deploy.0 = Release|ARM
		{8D2128D5-9893-4869-8F69-6AD16779AC64}.Release|iPhone.ActiveCfg = Release|ARM
		{8D2128D5-9893-4869-8F69-6AD16779AC64}.Release|iPhone.Build.0 = Release|ARM
		{8D2128D5-9893-4869-8F69-6AD16779AC64}.Release|iPhone.Deploy.0 = Release|ARM
		{8D2128D5-9893-4869-8F69-6AD16779AC64}.Release|iPhoneSimulator.ActiveCfg = Release|x86
		{8D2128D5-9893-4869-8F69-6AD16779AC64}.Release|iPhoneSimulator.Build.0 = Release|x86
		{8D2128D5-9893-4869-8F69-6AD16779AC64}.Release|iPhoneSimulator.Deploy.0 = Release|x86
		{8D2128D5-9893-4869-8F69-6AD16779AC64}.Release|x64.ActiveCfg = Release|x64
		{8D2128D5-9893-4869-8F69-6AD16779AC64}.Release|x64.Build.0 = Release|x64
		{8D2128D5-9893-4869-8F69-6AD16779AC64}.Release|x64.Deploy.0 = Release|x64
		{8D2128D5-9893-4869-8F69-6AD16779AC64}.Release|x86.ActiveCfg = Release|x86
		{8D2128D5-9893-4869-8F69-6AD16779AC64}.Release|x86.Build.0 = Release|x86
		{8D2128D5-9893-4869-8F69-6AD16779AC64}.Release|x86.Deploy.0 = Release|x86
		{55E0A006-E47C-47DD-8AA9-B338975F7092}.Debug|Any CPU.ActiveCfg = Debug|Any CPU
		{55E0A006-E47C-47DD-8AA9-B338975F7092}.Debug|Any CPU.Build.0 = Debug|Any CPU
		{55E0A006-E47C-47DD-8AA9-B338975F7092}.Debug|ARM.ActiveCfg = Debug|Any CPU
		{55E0A006-E47C-47DD-8AA9-B338975F7092}.Debug|ARM.Build.0 = Debug|Any CPU
		{55E0A006-E47C-47DD-8AA9-B338975F7092}.Debug|iPhone.ActiveCfg = Debug|Any CPU
		{55E0A006-E47C-47DD-8AA9-B338975F7092}.Debug|iPhone.Build.0 = Debug|Any CPU
		{55E0A006-E47C-47DD-8AA9-B338975F7092}.Debug|iPhoneSimulator.ActiveCfg = Debug|Any CPU
		{55E0A006-E47C-47DD-8AA9-B338975F7092}.Debug|iPhoneSimulator.Build.0 = Debug|Any CPU
		{55E0A006-E47C-47DD-8AA9-B338975F7092}.Debug|x64.ActiveCfg = Debug|Any CPU
		{55E0A006-E47C-47DD-8AA9-B338975F7092}.Debug|x64.Build.0 = Debug|Any CPU
		{55E0A006-E47C-47DD-8AA9-B338975F7092}.Debug|x86.ActiveCfg = Debug|Any CPU
		{55E0A006-E47C-47DD-8AA9-B338975F7092}.Debug|x86.Build.0 = Debug|Any CPU
		{55E0A006-E47C-47DD-8AA9-B338975F7092}.Release|Any CPU.ActiveCfg = Release|Any CPU
		{55E0A006-E47C-47DD-8AA9-B338975F7092}.Release|Any CPU.Build.0 = Release|Any CPU
		{55E0A006-E47C-47DD-8AA9-B338975F7092}.Release|ARM.ActiveCfg = Release|Any CPU
		{55E0A006-E47C-47DD-8AA9-B338975F7092}.Release|ARM.Build.0 = Release|Any CPU
		{55E0A006-E47C-47DD-8AA9-B338975F7092}.Release|iPhone.ActiveCfg = Release|Any CPU
		{55E0A006-E47C-47DD-8AA9-B338975F7092}.Release|iPhone.Build.0 = Release|Any CPU
		{55E0A006-E47C-47DD-8AA9-B338975F7092}.Release|iPhoneSimulator.ActiveCfg = Release|Any CPU
		{55E0A006-E47C-47DD-8AA9-B338975F7092}.Release|iPhoneSimulator.Build.0 = Release|Any CPU
		{55E0A006-E47C-47DD-8AA9-B338975F7092}.Release|x64.ActiveCfg = Release|Any CPU
		{55E0A006-E47C-47DD-8AA9-B338975F7092}.Release|x64.Build.0 = Release|Any CPU
		{55E0A006-E47C-47DD-8AA9-B338975F7092}.Release|x86.ActiveCfg = Release|Any CPU
		{55E0A006-E47C-47DD-8AA9-B338975F7092}.Release|x86.Build.0 = Release|Any CPU
	EndGlobalSection
	GlobalSection(SolutionProperties) = preSolution
		HideSolutionNode = FALSE
	EndGlobalSection
	GlobalSection(NestedProjects) = preSolution
		{61EFCA80-804D-4877-B98F-81ABFC3198A2} = {7FA99C05-271D-4409-B36E-0BB2B22D0F7F}
		{2062205F-4EB7-4E8E-9006-6036871F4010} = {7FA99C05-271D-4409-B36E-0BB2B22D0F7F}
		{E07F6E41-3DBB-4DB9-A3A4-3F4B8EADB653} = {953303BB-1045-417D-B3F7-FC2ABEBBCC2B}
		{D5C59679-2E23-4A18-B469-650EB4D89CE5} = {953303BB-1045-417D-B3F7-FC2ABEBBCC2B}
		{B593425E-C81D-407C-A4E7-0ABBB59F7B56} = {953303BB-1045-417D-B3F7-FC2ABEBBCC2B}
		{21A5B224-9FEC-4B7C-BCA5-37B4CC263EAF} = {953303BB-1045-417D-B3F7-FC2ABEBBCC2B}
		{5ED4BE42-3453-4EA7-AE69-E00A61DF078C} = {7FA99C05-271D-4409-B36E-0BB2B22D0F7F}
		{8D2128D5-9893-4869-8F69-6AD16779AC64} = {7FA99C05-271D-4409-B36E-0BB2B22D0F7F}
		{55E0A006-E47C-47DD-8AA9-B338975F7092} = {953303BB-1045-417D-B3F7-FC2ABEBBCC2B}
	EndGlobalSection
	GlobalSection(ExtensibilityGlobals) = postSolution
		SolutionGuid = {A747328A-DAF9-42DA-B2ED-71D0EB5F5D89}
	EndGlobalSection
EndGlobal
